
Microsoft Visual Studio Solution File, Format Version 12.00
# Visual Studio 15
VisualStudioVersion = 15.0.26730.12
MinimumVisualStudioVersion = 10.0.40219.1
Project("{FAE04EC0-301F-11D3-BF4B-00C04F79EFBC}") = "Wpf.Controls.ComboBox.Xaml", "Wpf.Controls.ComboBox.Xaml\Wpf.Controls.ComboBox.Xaml.csproj", "{A9ABF54B-B320-4D79-8C93-956081F2100E}"
EndProject
Global
	GlobalSection(SolutionConfigurationPlatforms) = preSolution
		Debug|Any CPU = Debug|Any CPU
		Release|Any CPU = Release|Any CPU
	EndGlobalSection
	GlobalSection(ProjectConfigurationPlatforms) = postSolution
		{A9ABF54B-B320-4D79-8C93-956081F2100E}.Debug|Any CPU.ActiveCfg = Debug|Any CPU
		{A9ABF54B-B320-4D79-8C93-956081F2100E}.Debug|Any CPU.Build.0 = Debug|Any CPU
		{A9ABF54B-B320-4D79-8C93-956081F2100E}.Release|Any CPU.ActiveCfg = Release|Any CPU
		{A9ABF54B-B320-4D79-8C93-956081F2100E}.Release|Any CPU.Build.0 = Release|Any CPU
	EndGlobalSection
	GlobalSection(SolutionProperties) = preSolution
		HideSolutionNode = FALSE
	EndGlobalSection
	GlobalSection(ExtensibilityGlobals) = postSolution
		SolutionGuid = {A3DB1FA9-F7B2-4445-BDAF-2BFEAB52EE47}
	EndGlobalSection
EndGlobal
